
Microsoft Visual Studio Solution File, Format Version 12.00
# Visual Studio 15
VisualStudioVersion = 15.0.28307.1267
MinimumVisualStudioVersion = 10.0.40219.1
Project("{FAE04EC0-301F-11D3-BF4B-00C04F79EFBC}") = "ServerConfigRest_20180140044_FakhrizarRifqiFuad", "ServerConfigRest_20180140044_FakhrizarRifqiFuad.csproj", "{7202162F-864A-4618-9D01-5F66C698CBD0}"
EndProject
Global
	GlobalSection(SolutionConfigurationPlatforms) = preSolution
		Debug|Any CPU = Debug|Any CPU
		Release|Any CPU = Release|Any CPU
	EndGlobalSection
	GlobalSection(ProjectConfigurationPlatforms) = postSolution
		{7202162F-864A-4618-9D01-5F66C698CBD0}.Debug|Any CPU.ActiveCfg = Debug|Any CPU
		{7202162F-864A-4618-9D01-5F66C698CBD0}.Debug|Any CPU.Build.0 = Debug|Any CPU
		{7202162F-864A-4618-9D01-5F66C698CBD0}.Release|Any CPU.ActiveCfg = Release|Any CPU
		{7202162F-864A-4618-9D01-5F66C698CBD0}.Release|Any CPU.Build.0 = Release|Any CPU
	EndGlobalSection
	GlobalSection(SolutionProperties) = preSolution
		HideSolutionNode = FALSE
	EndGlobalSection
	GlobalSection(ExtensibilityGlobals) = postSolution
		SolutionGuid = {B70163E1-C493-41DB-9411-42BF2F169380}
	EndGlobalSection
EndGlobal
